
Microsoft Visual Studio Solution File, Format Version 12.00
# Visual Studio 15
Project("{FAE04EC0-301F-11D3-BF4B-00C04F79EFBC}") = "GrocedyAPI", "GrocedyAPI\GrocedyAPI.csproj", "{DB9F9392-9ADA-4723-9365-538EE1B6E061}"
EndProject
Project("{FAE04EC0-301F-11D3-BF4B-00C04F79EFBC}") = "Grocedy.Core", "Grocedy.Core\Grocedy.Core.csproj", "{19B3F719-64AA-4F35-897C-93CC17E243F3}"
EndProject
Project("{FAE04EC0-301F-11D3-BF4B-00C04F79EFBC}") = "Grocedy.Infrastructure", "Grocedy.Infrastructure\Grocedy.Infrastructure.csproj", "{8B140654-CBC5-405E-A02D-2B029A351B4E}"
EndProject
Project("{FAE04EC0-301F-11D3-BF4B-00C04F79EFBC}") = "Grocedy.Domain", "Grocedy.Domain\Grocedy.Domain.csproj", "{49C9A600-9E2B-48FB-A6CF-7032C81239DA}"
EndProject
Global
	GlobalSection(SolutionConfigurationPlatforms) = preSolution
		Debug|Any CPU = Debug|Any CPU
		Release|Any CPU = Release|Any CPU
	EndGlobalSection
	GlobalSection(ProjectConfigurationPlatforms) = postSolution
		{DB9F9392-9ADA-4723-9365-538EE1B6E061}.Debug|Any CPU.ActiveCfg = Debug|Any CPU
		{DB9F9392-9ADA-4723-9365-538EE1B6E061}.Debug|Any CPU.Build.0 = Debug|Any CPU
		{DB9F9392-9ADA-4723-9365-538EE1B6E061}.Release|Any CPU.ActiveCfg = Release|Any CPU
		{DB9F9392-9ADA-4723-9365-538EE1B6E061}.Release|Any CPU.Build.0 = Release|Any CPU
		{19B3F719-64AA-4F35-897C-93CC17E243F3}.Debug|Any CPU.ActiveCfg = Debug|Any CPU
		{19B3F719-64AA-4F35-897C-93CC17E243F3}.Debug|Any CPU.Build.0 = Debug|Any CPU
		{19B3F719-64AA-4F35-897C-93CC17E243F3}.Release|Any CPU.ActiveCfg = Release|Any CPU
		{19B3F719-64AA-4F35-897C-93CC17E243F3}.Release|Any CPU.Build.0 = Release|Any CPU
		{8B140654-CBC5-405E-A02D-2B029A351B4E}.Debug|Any CPU.ActiveCfg = Debug|Any CPU
		{8B140654-CBC5-405E-A02D-2B029A351B4E}.Debug|Any CPU.Build.0 = Debug|Any CPU
		{8B140654-CBC5-405E-A02D-2B029A351B4E}.Release|Any CPU.ActiveCfg = Release|Any CPU
		{8B140654-CBC5-405E-A02D-2B029A351B4E}.Release|Any CPU.Build.0 = Release|Any CPU
		{49C9A600-9E2B-48FB-A6CF-7032C81239DA}.Debug|Any CPU.ActiveCfg = Debug|Any CPU
		{49C9A600-9E2B-48FB-A6CF-7032C81239DA}.Debug|Any CPU.Build.0 = Debug|Any CPU
		{49C9A600-9E2B-48FB-A6CF-7032C81239DA}.Release|Any CPU.ActiveCfg = Release|Any CPU
		{49C9A600-9E2B-48FB-A6CF-7032C81239DA}.Release|Any CPU.Build.0 = Release|Any CPU
	EndGlobalSection
EndGlobal
